// !$*UTF8*$!
{
	archiveVersion = 1;
	classes = {
	};
	objectVersion = 46;
	objects = {

/* Begin PBXBuildFile section */
		BEEE4FD01EF36EF100B432D8 /* Turnpike-umbrella.h in Headers */ = {isa = PBXBuildFile; fileRef = BEEE4FCE1EF36EF100B432D8 /* Turnpike-umbrella.h */; settings = {ATTRIBUTES = (Public, ); }; };
		BEF6403C1EF36241008F0BB4 /* Turnpike.m in Sources */ = {isa = PBXBuildFile; fileRef = ACFED18B1787304800AD1920 /* Turnpike.m */; settings = {COMPILER_FLAGS = "-DOS_OBJECT_USE_OBJC=0"; }; };
		BEF6403D1EF36241008F0BB4 /* TPRouter.m in Sources */ = {isa = PBXBuildFile; fileRef = ACFED1B0178732C100AD1920 /* TPRouter.m */; settings = {COMPILER_FLAGS = "-DOS_OBJECT_USE_OBJC=0"; }; };
		BEF6403E1EF36241008F0BB4 /* TPRouteRequest.m in Sources */ = {isa = PBXBuildFile; fileRef = ACFED1B31787338F00AD1920 /* TPRouteRequest.m */; settings = {COMPILER_FLAGS = "-DOS_OBJECT_USE_OBJC=0"; }; };
		BEF6403F1EF36241008F0BB4 /* TPAnonymousFilter.m in Sources */ = {isa = PBXBuildFile; fileRef = ACFED1B71787349B00AD1920 /* TPAnonymousFilter.m */; settings = {COMPILER_FLAGS = "-DOS_OBJECT_USE_OBJC=0"; }; };
		BEF640401EF36241008F0BB4 /* TPFilterChain.m in Sources */ = {isa = PBXBuildFile; fileRef = ACFED1BA178734D600AD1920 /* TPFilterChain.m */; settings = {COMPILER_FLAGS = "-DOS_OBJECT_USE_OBJC=0"; }; };
		BEF640411EF36241008F0BB4 /* TPHelper.m in Sources */ = {isa = PBXBuildFile; fileRef = ACFED1BD178740BE00AD1920 /* TPHelper.m */; settings = {COMPILER_FLAGS = "-DOS_OBJECT_USE_OBJC=0"; }; };
		BEF640421EF36241008F0BB4 /* TPParsingHelper.m in Sources */ = {isa = PBXBuildFile; fileRef = AC1E86921795B178006D3839 /* TPParsingHelper.m */; settings = {COMPILER_FLAGS = "-DOS_OBJECT_USE_OBJC=0"; }; };
		BEF640431EF36241008F0BB4 /* TPURIHelper.m in Sources */ = {isa = PBXBuildFile; fileRef = AC1E86951795C050006D3839 /* TPURIHelper.m */; settings = {COMPILER_FLAGS = "-DOS_OBJECT_USE_OBJC=0"; }; };
		BEF640451EF36284008F0BB4 /* Turnpike.h in CopyFiles */ = {isa = PBXBuildFile; fileRef = ACFED1891787304800AD1920 /* Turnpike.h */; };
		BEF640461EF36284008F0BB4 /* TPRouter.h in CopyFiles */ = {isa = PBXBuildFile; fileRef = ACFED1AF178732C100AD1920 /* TPRouter.h */; };
		BEF640471EF36284008F0BB4 /* TPRouteRequest.h in CopyFiles */ = {isa = PBXBuildFile; fileRef = ACFED1B21787338F00AD1920 /* TPRouteRequest.h */; };
		BEF640481EF36284008F0BB4 /* TPFilterProtocol.h in CopyFiles */ = {isa = PBXBuildFile; fileRef = ACFED1B51787340B00AD1920 /* TPFilterProtocol.h */; };
		BEF640491EF36284008F0BB4 /* TPAnonymousFilter.h in CopyFiles */ = {isa = PBXBuildFile; fileRef = ACFED1B61787349B00AD1920 /* TPAnonymousFilter.h */; };
		BEF6404A1EF36284008F0BB4 /* TPFilterChain.h in CopyFiles */ = {isa = PBXBuildFile; fileRef = ACFED1B9178734D600AD1920 /* TPFilterChain.h */; };
		BEF6404B1EF36284008F0BB4 /* TPHelper.h in CopyFiles */ = {isa = PBXBuildFile; fileRef = ACFED1BC178740BE00AD1920 /* TPHelper.h */; };
		BEF640541EF3648D008F0BB4 /* Foundation.framework in Frameworks */ = {isa = PBXBuildFile; fileRef = ACFED1841787304800AD1920 /* Foundation.framework */; };
		BEF640551EF36526008F0BB4 /* TPRouter.h in Headers */ = {isa = PBXBuildFile; fileRef = ACFED1AF178732C100AD1920 /* TPRouter.h */; settings = {ATTRIBUTES = (Public, ); }; };
		BEF640561EF36526008F0BB4 /* TPRouteRequest.h in Headers */ = {isa = PBXBuildFile; fileRef = ACFED1B21787338F00AD1920 /* TPRouteRequest.h */; settings = {ATTRIBUTES = (Public, ); }; };
		BEF640571EF36526008F0BB4 /* TPFilterProtocol.h in Headers */ = {isa = PBXBuildFile; fileRef = ACFED1B51787340B00AD1920 /* TPFilterProtocol.h */; settings = {ATTRIBUTES = (Public, ); }; };
		BEF640581EF36526008F0BB4 /* TPAnonymousFilter.h in Headers */ = {isa = PBXBuildFile; fileRef = ACFED1B61787349B00AD1920 /* TPAnonymousFilter.h */; settings = {ATTRIBUTES = (Public, ); }; };
		BEF640591EF36526008F0BB4 /* TPFilterChain.h in Headers */ = {isa = PBXBuildFile; fileRef = ACFED1B9178734D600AD1920 /* TPFilterChain.h */; settings = {ATTRIBUTES = (Public, ); }; };
		BEF6405A1EF36526008F0BB4 /* TPHelper.h in Headers */ = {isa = PBXBuildFile; fileRef = ACFED1BC178740BE00AD1920 /* TPHelper.h */; settings = {ATTRIBUTES = (Public, ); }; };
		BEF6405B1EF36526008F0BB4 /* TPParsingHelper.h in Headers */ = {isa = PBXBuildFile; fileRef = AC1E86911795B177006D3839 /* TPParsingHelper.h */; settings = {ATTRIBUTES = (Public, ); }; };
		BEF6405C1EF36526008F0BB4 /* TPURIHelper.h in Headers */ = {isa = PBXBuildFile; fileRef = AC1E86941795C050006D3839 /* TPURIHelper.h */; settings = {ATTRIBUTES = (Public, ); }; };
		BEF6405D1EF3653F008F0BB4 /* Turnpike.h in Headers */ = {isa = PBXBuildFile; fileRef = ACFED1891787304800AD1920 /* Turnpike.h */; settings = {ATTRIBUTES = (Public, ); }; };
		BEF640641EF36673008F0BB4 /* Turnpike-dummy.m in Sources */ = {isa = PBXBuildFile; fileRef = BEF640611EF36673008F0BB4 /* Turnpike-dummy.m */; };
		BEF6406F1EF36971008F0BB4 /* Turnpike.framework in Frameworks */ = {isa = PBXBuildFile; fileRef = BEF640341EF36219008F0BB4 /* Turnpike.framework */; };
		BEF640751EF369BB008F0BB4 /* ParsingHelperTests.m in Sources */ = {isa = PBXBuildFile; fileRef = AC1E86981795D68F006D3839 /* ParsingHelperTests.m */; };
		BEF640761EF369BD008F0BB4 /* URIHelperTests.m in Sources */ = {isa = PBXBuildFile; fileRef = AC63021D1796B92F00609666 /* URIHelperTests.m */; };
		BEF640771EF36A06008F0BB4 /* TurnpikeTests.m in Sources */ = {isa = PBXBuildFile; fileRef = ACFED1A21787304800AD1920 /* TurnpikeTests.m */; };
		BEF640781EF36A38008F0BB4 /* InfoPlist.strings in Resources */ = {isa = PBXBuildFile; fileRef = ACFED19E1787304800AD1920 /* InfoPlist.strings */; };
		BEF6407A1EF36B62008F0BB4 /* XCTest.framework in Frameworks */ = {isa = PBXBuildFile; fileRef = BEF640791EF36B62008F0BB4 /* XCTest.framework */; };
/* End PBXBuildFile section */

/* Begin PBXContainerItemProxy section */
		BEF640701EF36971008F0BB4 /* PBXContainerItemProxy */ = {
			isa = PBXContainerItemProxy;
			containerPortal = ACFED1791787304800AD1920 /* Project object */;
			proxyType = 1;
			remoteGlobalIDString = BEF640331EF36219008F0BB4;
			remoteInfo = Turnpike;
		};
/* End PBXContainerItemProxy section */

/* Begin PBXCopyFilesBuildPhase section */
		BEF640441EF36268008F0BB4 /* CopyFiles */ = {
			isa = PBXCopyFilesBuildPhase;
			buildActionMask = 2147483647;
			dstPath = "include/${PRODUCT_NAME}";
			dstSubfolderSpec = 16;
			files = (
				BEF640451EF36284008F0BB4 /* Turnpike.h in CopyFiles */,
				BEF640461EF36284008F0BB4 /* TPRouter.h in CopyFiles */,
				BEF640471EF36284008F0BB4 /* TPRouteRequest.h in CopyFiles */,
				BEF640481EF36284008F0BB4 /* TPFilterProtocol.h in CopyFiles */,
				BEF640491EF36284008F0BB4 /* TPAnonymousFilter.h in CopyFiles */,
				BEF6404A1EF36284008F0BB4 /* TPFilterChain.h in CopyFiles */,
				BEF6404B1EF36284008F0BB4 /* TPHelper.h in CopyFiles */,
			);
			runOnlyForDeploymentPostprocessing = 0;
		};
/* End PBXCopyFilesBuildPhase section */

/* Begin PBXFileReference section */
		AC1E86911795B177006D3839 /* TPParsingHelper.h */ = {isa = PBXFileReference; fileEncoding = 4; lastKnownFileType = sourcecode.c.h; path = TPParsingHelper.h; sourceTree = "<group>"; };
		AC1E86921795B178006D3839 /* TPParsingHelper.m */ = {isa = PBXFileReference; fileEncoding = 4; lastKnownFileType = sourcecode.c.objc; path = TPParsingHelper.m; sourceTree = "<group>"; };
		AC1E86941795C050006D3839 /* TPURIHelper.h */ = {isa = PBXFileReference; fileEncoding = 4; lastKnownFileType = sourcecode.c.h; path = TPURIHelper.h; sourceTree = "<group>"; };
		AC1E86951795C050006D3839 /* TPURIHelper.m */ = {isa = PBXFileReference; fileEncoding = 4; lastKnownFileType = sourcecode.c.objc; path = TPURIHelper.m; sourceTree = "<group>"; };
		AC1E86971795D68F006D3839 /* ParsingHelperTests.h */ = {isa = PBXFileReference; fileEncoding = 4; lastKnownFileType = sourcecode.c.h; path = ParsingHelperTests.h; sourceTree = "<group>"; };
		AC1E86981795D68F006D3839 /* ParsingHelperTests.m */ = {isa = PBXFileReference; fileEncoding = 4; lastKnownFileType = sourcecode.c.objc; path = ParsingHelperTests.m; sourceTree = "<group>"; };
		AC63021C1796B92F00609666 /* URIHelperTests.h */ = {isa = PBXFileReference; fileEncoding = 4; lastKnownFileType = sourcecode.c.h; path = URIHelperTests.h; sourceTree = "<group>"; };
		AC63021D1796B92F00609666 /* URIHelperTests.m */ = {isa = PBXFileReference; fileEncoding = 4; lastKnownFileType = sourcecode.c.objc; path = URIHelperTests.m; sourceTree = "<group>"; };
		ACFED1841787304800AD1920 /* Foundation.framework */ = {isa = PBXFileReference; lastKnownFileType = wrapper.framework; name = Foundation.framework; path = System/Library/Frameworks/Foundation.framework; sourceTree = SDKROOT; };
		ACFED1881787304800AD1920 /* Turnpike-Prefix.pch */ = {isa = PBXFileReference; lastKnownFileType = sourcecode.c.h; path = "Turnpike-Prefix.pch"; sourceTree = "<group>"; };
		ACFED1891787304800AD1920 /* Turnpike.h */ = {isa = PBXFileReference; lastKnownFileType = sourcecode.c.h; path = Turnpike.h; sourceTree = "<group>"; };
		ACFED18B1787304800AD1920 /* Turnpike.m */ = {isa = PBXFileReference; lastKnownFileType = sourcecode.c.objc; path = Turnpike.m; sourceTree = "<group>"; };
		ACFED19F1787304800AD1920 /* en */ = {isa = PBXFileReference; lastKnownFileType = text.plist.strings; name = en; path = en.lproj/InfoPlist.strings; sourceTree = "<group>"; };
		ACFED1A11787304800AD1920 /* TurnpikeTests.h */ = {isa = PBXFileReference; lastKnownFileType = sourcecode.c.h; path = TurnpikeTests.h; sourceTree = "<group>"; };
		ACFED1A21787304800AD1920 /* TurnpikeTests.m */ = {isa = PBXFileReference; lastKnownFileType = sourcecode.c.objc; path = TurnpikeTests.m; sourceTree = "<group>"; };
		ACFED1AF178732C100AD1920 /* TPRouter.h */ = {isa = PBXFileReference; fileEncoding = 4; lastKnownFileType = sourcecode.c.h; path = TPRouter.h; sourceTree = "<group>"; };
		ACFED1B0178732C100AD1920 /* TPRouter.m */ = {isa = PBXFileReference; fileEncoding = 4; lastKnownFileType = sourcecode.c.objc; path = TPRouter.m; sourceTree = "<group>"; };
		ACFED1B21787338F00AD1920 /* TPRouteRequest.h */ = {isa = PBXFileReference; fileEncoding = 4; lastKnownFileType = sourcecode.c.h; path = TPRouteRequest.h; sourceTree = "<group>"; };
		ACFED1B31787338F00AD1920 /* TPRouteRequest.m */ = {isa = PBXFileReference; fileEncoding = 4; lastKnownFileType = sourcecode.c.objc; path = TPRouteRequest.m; sourceTree = "<group>"; };
		ACFED1B51787340B00AD1920 /* TPFilterProtocol.h */ = {isa = PBXFileReference; fileEncoding = 4; lastKnownFileType = sourcecode.c.h; path = TPFilterProtocol.h; sourceTree = "<group>"; };
		ACFED1B61787349B00AD1920 /* TPAnonymousFilter.h */ = {isa = PBXFileReference; fileEncoding = 4; lastKnownFileType = sourcecode.c.h; path = TPAnonymousFilter.h; sourceTree = "<group>"; };
		ACFED1B71787349B00AD1920 /* TPAnonymousFilter.m */ = {isa = PBXFileReference; fileEncoding = 4; lastKnownFileType = sourcecode.c.objc; path = TPAnonymousFilter.m; sourceTree = "<group>"; };
		ACFED1B9178734D600AD1920 /* TPFilterChain.h */ = {isa = PBXFileReference; fileEncoding = 4; lastKnownFileType = sourcecode.c.h; path = TPFilterChain.h; sourceTree = "<group>"; };
		ACFED1BA178734D600AD1920 /* TPFilterChain.m */ = {isa = PBXFileReference; fileEncoding = 4; lastKnownFileType = sourcecode.c.objc; path = TPFilterChain.m; sourceTree = "<group>"; };
		ACFED1BC178740BE00AD1920 /* TPHelper.h */ = {isa = PBXFileReference; fileEncoding = 4; lastKnownFileType = sourcecode.c.h; path = TPHelper.h; sourceTree = "<group>"; };
		ACFED1BD178740BE00AD1920 /* TPHelper.m */ = {isa = PBXFileReference; fileEncoding = 4; lastKnownFileType = sourcecode.c.objc; path = TPHelper.m; sourceTree = "<group>"; };
		BEEE4FCE1EF36EF100B432D8 /* Turnpike-umbrella.h */ = {isa = PBXFileReference; fileEncoding = 4; lastKnownFileType = sourcecode.c.h; path = "Turnpike-umbrella.h"; sourceTree = "<group>"; };
		BEEE4FCF1EF36EF100B432D8 /* Turnpike.modulemap */ = {isa = PBXFileReference; fileEncoding = 4; lastKnownFileType = "sourcecode.module-map"; path = Turnpike.modulemap; sourceTree = "<group>"; };
		BEF640341EF36219008F0BB4 /* Turnpike.framework */ = {isa = PBXFileReference; explicitFileType = wrapper.framework; includeInIndex = 0; path = Turnpike.framework; sourceTree = BUILT_PRODUCTS_DIR; };
		BEF640601EF36659008F0BB4 /* Info.plist */ = {isa = PBXFileReference; fileEncoding = 4; lastKnownFileType = text.plist.xml; path = Info.plist; sourceTree = "<group>"; };
		BEF640611EF36673008F0BB4 /* Turnpike-dummy.m */ = {isa = PBXFileReference; fileEncoding = 4; lastKnownFileType = sourcecode.c.objc; path = "Turnpike-dummy.m"; sourceTree = "<group>"; };
		BEF6406A1EF36971008F0BB4 /* TurnpikeTests.xctest */ = {isa = PBXFileReference; explicitFileType = wrapper.cfbundle; includeInIndex = 0; path = TurnpikeTests.xctest; sourceTree = BUILT_PRODUCTS_DIR; };
		BEF640791EF36B62008F0BB4 /* XCTest.framework */ = {isa = PBXFileReference; lastKnownFileType = wrapper.framework; name = XCTest.framework; path = Platforms/iPhoneOS.platform/Developer/Library/Frameworks/XCTest.framework; sourceTree = DEVELOPER_DIR; };
/* End PBXFileReference section */

/* Begin PBXFrameworksBuildPhase section */
		BEF640301EF36219008F0BB4 /* Frameworks */ = {
			isa = PBXFrameworksBuildPhase;
			buildActionMask = 2147483647;
			files = (
				BEF640541EF3648D008F0BB4 /* Foundation.framework in Frameworks */,
			);
			runOnlyForDeploymentPostprocessing = 0;
		};
		BEF640671EF36971008F0BB4 /* Frameworks */ = {
			isa = PBXFrameworksBuildPhase;
			buildActionMask = 2147483647;
			files = (
				BEF6407A1EF36B62008F0BB4 /* XCTest.framework in Frameworks */,
				BEF6406F1EF36971008F0BB4 /* Turnpike.framework in Frameworks */,
			);
			runOnlyForDeploymentPostprocessing = 0;
		};
/* End PBXFrameworksBuildPhase section */

/* Begin PBXGroup section */
		ACFED1781787304800AD1920 = {
			isa = PBXGroup;
			children = (
				ACFED1861787304800AD1920 /* Turnpike */,
				ACFED19B1787304800AD1920 /* TurnpikeTests */,
				ACFED1831787304800AD1920 /* Frameworks */,
				ACFED1821787304800AD1920 /* Products */,
			);
			sourceTree = "<group>";
		};
		ACFED1821787304800AD1920 /* Products */ = {
			isa = PBXGroup;
			children = (
				BEF640341EF36219008F0BB4 /* Turnpike.framework */,
				BEF6406A1EF36971008F0BB4 /* TurnpikeTests.xctest */,
			);
			name = Products;
			sourceTree = "<group>";
		};
		ACFED1831787304800AD1920 /* Frameworks */ = {
			isa = PBXGroup;
			children = (
				BEF640791EF36B62008F0BB4 /* XCTest.framework */,
				ACFED1841787304800AD1920 /* Foundation.framework */,
			);
			name = Frameworks;
			sourceTree = "<group>";
		};
		ACFED1861787304800AD1920 /* Turnpike */ = {
			isa = PBXGroup;
			children = (
				ACFED1891787304800AD1920 /* Turnpike.h */,
				ACFED18B1787304800AD1920 /* Turnpike.m */,
				ACFED1AC1787328700AD1920 /* Routing */,
				ACFED1AD1787328C00AD1920 /* Filters */,
				ACFED1AE1787329400AD1920 /* Helper */,
				ACFED1871787304800AD1920 /* Supporting Files */,
			);
			path = Turnpike;
			sourceTree = "<group>";
		};
		ACFED1871787304800AD1920 /* Supporting Files */ = {
			isa = PBXGroup;
			children = (
				BEEE4FCE1EF36EF100B432D8 /* Turnpike-umbrella.h */,
				BEEE4FCF1EF36EF100B432D8 /* Turnpike.modulemap */,
				ACFED1881787304800AD1920 /* Turnpike-Prefix.pch */,
			);
			name = "Supporting Files";
			sourceTree = "<group>";
		};
		ACFED19B1787304800AD1920 /* TurnpikeTests */ = {
			isa = PBXGroup;
			children = (
				ACFED1A11787304800AD1920 /* TurnpikeTests.h */,
				ACFED1A21787304800AD1920 /* TurnpikeTests.m */,
				AC1E86971795D68F006D3839 /* ParsingHelperTests.h */,
				AC1E86981795D68F006D3839 /* ParsingHelperTests.m */,
				AC63021C1796B92F00609666 /* URIHelperTests.h */,
				AC63021D1796B92F00609666 /* URIHelperTests.m */,
				ACFED19C1787304800AD1920 /* Supporting Files */,
			);
			path = TurnpikeTests;
			sourceTree = "<group>";
		};
		ACFED19C1787304800AD1920 /* Supporting Files */ = {
			isa = PBXGroup;
			children = (
				BEF640601EF36659008F0BB4 /* Info.plist */,
				BEF640611EF36673008F0BB4 /* Turnpike-dummy.m */,
				ACFED19E1787304800AD1920 /* InfoPlist.strings */,
			);
			name = "Supporting Files";
			sourceTree = "<group>";
		};
		ACFED1AC1787328700AD1920 /* Routing */ = {
			isa = PBXGroup;
			children = (
				ACFED1AF178732C100AD1920 /* TPRouter.h */,
				ACFED1B0178732C100AD1920 /* TPRouter.m */,
				ACFED1B21787338F00AD1920 /* TPRouteRequest.h */,
				ACFED1B31787338F00AD1920 /* TPRouteRequest.m */,
			);
			name = Routing;
			sourceTree = "<group>";
		};
		ACFED1AD1787328C00AD1920 /* Filters */ = {
			isa = PBXGroup;
			children = (
				ACFED1B51787340B00AD1920 /* TPFilterProtocol.h */,
				ACFED1B61787349B00AD1920 /* TPAnonymousFilter.h */,
				ACFED1B71787349B00AD1920 /* TPAnonymousFilter.m */,
				ACFED1B9178734D600AD1920 /* TPFilterChain.h */,
				ACFED1BA178734D600AD1920 /* TPFilterChain.m */,
			);
			name = Filters;
			sourceTree = "<group>";
		};
		ACFED1AE1787329400AD1920 /* Helper */ = {
			isa = PBXGroup;
			children = (
				ACFED1BC178740BE00AD1920 /* TPHelper.h */,
				ACFED1BD178740BE00AD1920 /* TPHelper.m */,
				AC1E86911795B177006D3839 /* TPParsingHelper.h */,
				AC1E86921795B178006D3839 /* TPParsingHelper.m */,
				AC1E86941795C050006D3839 /* TPURIHelper.h */,
				AC1E86951795C050006D3839 /* TPURIHelper.m */,
			);
			name = Helper;
			sourceTree = "<group>";
		};
/* End PBXGroup section */

/* Begin PBXHeadersBuildPhase section */
		BEF640311EF36219008F0BB4 /* Headers */ = {
			isa = PBXHeadersBuildPhase;
			buildActionMask = 2147483647;
			files = (
				BEF640551EF36526008F0BB4 /* TPRouter.h in Headers */,
				BEF640561EF36526008F0BB4 /* TPRouteRequest.h in Headers */,
				BEF640571EF36526008F0BB4 /* TPFilterProtocol.h in Headers */,
				BEF640581EF36526008F0BB4 /* TPAnonymousFilter.h in Headers */,
				BEEE4FD01EF36EF100B432D8 /* Turnpike-umbrella.h in Headers */,
				BEF640591EF36526008F0BB4 /* TPFilterChain.h in Headers */,
				BEF6405D1EF3653F008F0BB4 /* Turnpike.h in Headers */,
				BEF6405A1EF36526008F0BB4 /* TPHelper.h in Headers */,
				BEF6405B1EF36526008F0BB4 /* TPParsingHelper.h in Headers */,
				BEF6405C1EF36526008F0BB4 /* TPURIHelper.h in Headers */,
			);
			runOnlyForDeploymentPostprocessing = 0;
		};
/* End PBXHeadersBuildPhase section */

/* Begin PBXNativeTarget section */
		BEF640331EF36219008F0BB4 /* Turnpike */ = {
			isa = PBXNativeTarget;
			buildConfigurationList = BEF640391EF36219008F0BB4 /* Build configuration list for PBXNativeTarget "Turnpike" */;
			buildPhases = (
				BEF6402F1EF36219008F0BB4 /* Sources */,
				BEF640301EF36219008F0BB4 /* Frameworks */,
				BEF640311EF36219008F0BB4 /* Headers */,
				BEF640441EF36268008F0BB4 /* CopyFiles */,
			);
			buildRules = (
			);
			dependencies = (
			);
			name = Turnpike;
			productName = Turnpike;
			productReference = BEF640341EF36219008F0BB4 /* Turnpike.framework */;
			productType = "com.apple.product-type.framework";
		};
		BEF640691EF36971008F0BB4 /* TurnpikeTests */ = {
			isa = PBXNativeTarget;
			buildConfigurationList = BEF640721EF36971008F0BB4 /* Build configuration list for PBXNativeTarget "TurnpikeTests" */;
			buildPhases = (
				BEF640661EF36971008F0BB4 /* Sources */,
				BEF640671EF36971008F0BB4 /* Frameworks */,
				BEF640681EF36971008F0BB4 /* Resources */,
			);
			buildRules = (
			);
			dependencies = (
				BEF640711EF36971008F0BB4 /* PBXTargetDependency */,
			);
			name = TurnpikeTests;
			productName = TurnpikeTests;
			productReference = BEF6406A1EF36971008F0BB4 /* TurnpikeTests.xctest */;
			productType = "com.apple.product-type.bundle.unit-test";
		};
/* End PBXNativeTarget section */

/* Begin PBXProject section */
		ACFED1791787304800AD1920 /* Project object */ = {
			isa = PBXProject;
			attributes = {
				LastSwiftUpdateCheck = 0830;
				LastUpgradeCheck = 0500;
				ORGANIZATIONNAME = URX;
				TargetAttributes = {
					BEF640331EF36219008F0BB4 = {
						CreatedOnToolsVersion = 8.3;
						DevelopmentTeam = L9V3PVP949;
						ProvisioningStyle = Automatic;
					};
					BEF640691EF36971008F0BB4 = {
						CreatedOnToolsVersion = 8.3;
						DevelopmentTeam = L9V3PVP949;
						ProvisioningStyle = Automatic;
					};
				};
			};
			buildConfigurationList = ACFED17C1787304800AD1920 /* Build configuration list for PBXProject "Turnpike" */;
			compatibilityVersion = "Xcode 3.2";
			developmentRegion = English;
			hasScannedForEncodings = 0;
			knownRegions = (
				en,
				Base,
			);
			mainGroup = ACFED1781787304800AD1920;
			productRefGroup = ACFED1821787304800AD1920 /* Products */;
			projectDirPath = "";
			projectRoot = "";
			targets = (
				BEF640331EF36219008F0BB4 /* Turnpike */,
				BEF640691EF36971008F0BB4 /* TurnpikeTests */,
			);
		};
/* End PBXProject section */

/* Begin PBXResourcesBuildPhase section */
		BEF640681EF36971008F0BB4 /* Resources */ = {
			isa = PBXResourcesBuildPhase;
			buildActionMask = 2147483647;
			files = (
				BEF640781EF36A38008F0BB4 /* InfoPlist.strings in Resources */,
			);
			runOnlyForDeploymentPostprocessing = 0;
		};
/* End PBXResourcesBuildPhase section */

/* Begin PBXSourcesBuildPhase section */
		BEF6402F1EF36219008F0BB4 /* Sources */ = {
			isa = PBXSourcesBuildPhase;
			buildActionMask = 2147483647;
			files = (
				BEF640421EF36241008F0BB4 /* TPParsingHelper.m in Sources */,
				BEF6403C1EF36241008F0BB4 /* Turnpike.m in Sources */,
				BEF6403D1EF36241008F0BB4 /* TPRouter.m in Sources */,
				BEF6403E1EF36241008F0BB4 /* TPRouteRequest.m in Sources */,
				BEF6403F1EF36241008F0BB4 /* TPAnonymousFilter.m in Sources */,
				BEF640401EF36241008F0BB4 /* TPFilterChain.m in Sources */,
				BEF640411EF36241008F0BB4 /* TPHelper.m in Sources */,
				BEF640431EF36241008F0BB4 /* TPURIHelper.m in Sources */,
				BEF640641EF36673008F0BB4 /* Turnpike-dummy.m in Sources */,
			);
			runOnlyForDeploymentPostprocessing = 0;
		};
		BEF640661EF36971008F0BB4 /* Sources */ = {
			isa = PBXSourcesBuildPhase;
			buildActionMask = 2147483647;
			files = (
				BEF640771EF36A06008F0BB4 /* TurnpikeTests.m in Sources */,
				BEF640751EF369BB008F0BB4 /* ParsingHelperTests.m in Sources */,
				BEF640761EF369BD008F0BB4 /* URIHelperTests.m in Sources */,
			);
			runOnlyForDeploymentPostprocessing = 0;
		};
/* End PBXSourcesBuildPhase section */

/* Begin PBXTargetDependency section */
		BEF640711EF36971008F0BB4 /* PBXTargetDependency */ = {
			isa = PBXTargetDependency;
			target = BEF640331EF36219008F0BB4 /* Turnpike */;
			targetProxy = BEF640701EF36971008F0BB4 /* PBXContainerItemProxy */;
		};
/* End PBXTargetDependency section */

/* Begin PBXVariantGroup section */
		ACFED19E1787304800AD1920 /* InfoPlist.strings */ = {
			isa = PBXVariantGroup;
			children = (
				ACFED19F1787304800AD1920 /* en */,
			);
			name = InfoPlist.strings;
			sourceTree = "<group>";
		};
/* End PBXVariantGroup section */

/* Begin XCBuildConfiguration section */
		ACFED1A41787304800AD1920 /* Debug */ = {
			isa = XCBuildConfiguration;
			buildSettings = {
				ALWAYS_SEARCH_USER_PATHS = NO;
				CLANG_CXX_LANGUAGE_STANDARD = "gnu++0x";
				CLANG_CXX_LIBRARY = "libc++";
				CLANG_ENABLE_OBJC_ARC = YES;
				CLANG_WARN_CONSTANT_CONVERSION = YES;
				CLANG_WARN_EMPTY_BODY = YES;
				CLANG_WARN_ENUM_CONVERSION = YES;
				CLANG_WARN_INT_CONVERSION = YES;
				CLANG_WARN__DUPLICATE_METHOD_MATCH = YES;
				COPY_PHASE_STRIP = NO;
				GCC_C_LANGUAGE_STANDARD = gnu99;
				GCC_DYNAMIC_NO_PIC = NO;
				GCC_OPTIMIZATION_LEVEL = 0;
				GCC_PREPROCESSOR_DEFINITIONS = (
					"DEBUG=1",
					"$(inherited)",
				);
				GCC_SYMBOLS_PRIVATE_EXTERN = NO;
				GCC_THUMB_SUPPORT = NO;
				GCC_WARN_ABOUT_RETURN_TYPE = YES;
				GCC_WARN_UNINITIALIZED_AUTOS = YES;
				GCC_WARN_UNUSED_VARIABLE = YES;
				IPHONEOS_DEPLOYMENT_TARGET = 6.1;
				ONLY_ACTIVE_ARCH = YES;
				SDKROOT = iphoneos;
			};
			name = Debug;
		};
		ACFED1A51787304800AD1920 /* Release */ = {
			isa = XCBuildConfiguration;
			buildSettings = {
				ALWAYS_SEARCH_USER_PATHS = NO;
				CLANG_CXX_LANGUAGE_STANDARD = "gnu++0x";
				CLANG_CXX_LIBRARY = "libc++";
				CLANG_ENABLE_OBJC_ARC = YES;
				CLANG_WARN_CONSTANT_CONVERSION = YES;
				CLANG_WARN_EMPTY_BODY = YES;
				CLANG_WARN_ENUM_CONVERSION = YES;
				CLANG_WARN_INT_CONVERSION = YES;
				CLANG_WARN__DUPLICATE_METHOD_MATCH = YES;
				COPY_PHASE_STRIP = YES;
				GCC_C_LANGUAGE_STANDARD = gnu99;
				GCC_THUMB_SUPPORT = NO;
				GCC_WARN_ABOUT_RETURN_TYPE = YES;
				GCC_WARN_UNINITIALIZED_AUTOS = YES;
				GCC_WARN_UNUSED_VARIABLE = YES;
				IPHONEOS_DEPLOYMENT_TARGET = 6.1;
				SDKROOT = iphoneos;
				VALIDATE_PRODUCT = YES;
			};
			name = Release;
		};
		BEF6403A1EF36219008F0BB4 /* Debug */ = {
			isa = XCBuildConfiguration;
			buildSettings = {
				CLANG_ANALYZER_NONNULL = YES;
				CLANG_ANALYZER_NUMBER_OBJECT_CONVERSION = YES_AGGRESSIVE;
				CLANG_ENABLE_MODULES = YES;
				CLANG_WARN_BOOL_CONVERSION = YES;
				CLANG_WARN_DIRECT_OBJC_ISA_USAGE = YES_ERROR;
				CLANG_WARN_DOCUMENTATION_COMMENTS = YES;
				CLANG_WARN_INFINITE_RECURSION = YES;
				CLANG_WARN_OBJC_ROOT_CLASS = YES_ERROR;
				CLANG_WARN_SUSPICIOUS_MOVE = YES;
				CLANG_WARN_UNREACHABLE_CODE = YES;
				CODE_SIGN_IDENTITY = "";
				"CODE_SIGN_IDENTITY[sdk=iphoneos*]" = "iPhone Developer";
				CURRENT_PROJECT_VERSION = 1;
				DEBUG_INFORMATION_FORMAT = dwarf;
				DEFINES_MODULE = YES;
				DEVELOPMENT_TEAM = L9V3PVP949;
				DYLIB_COMPATIBILITY_VERSION = 1;
				DYLIB_CURRENT_VERSION = 1;
				DYLIB_INSTALL_NAME_BASE = "@rpath";
				ENABLE_STRICT_OBJC_MSGSEND = YES;
				ENABLE_TESTABILITY = YES;
				GCC_NO_COMMON_BLOCKS = YES;
				GCC_WARN_64_TO_32_BIT_CONVERSION = YES;
				GCC_WARN_ABOUT_RETURN_TYPE = YES_ERROR;
				GCC_WARN_UNDECLARED_SELECTOR = YES;
				GCC_WARN_UNINITIALIZED_AUTOS = YES_AGGRESSIVE;
				GCC_WARN_UNUSED_FUNCTION = YES;
				INFOPLIST_FILE = Turnpike/Info.plist;
				INSTALL_PATH = "$(LOCAL_LIBRARY_DIR)/Frameworks";
				IPHONEOS_DEPLOYMENT_TARGET = 10.3;
				LD_RUNPATH_SEARCH_PATHS = "$(inherited) @executable_path/Frameworks @loader_path/Frameworks";
				MODULEMAP_FILE = Turnpike/Turnpike.modulemap;
				MTL_ENABLE_DEBUG_INFO = YES;
				PRODUCT_BUNDLE_IDENTIFIER = au.com.fairfaxdigital.Domain.Turnpike;
				PRODUCT_NAME = "$(TARGET_NAME)";
				SKIP_INSTALL = YES;
				TARGETED_DEVICE_FAMILY = "1,2";
				VERSIONING_SYSTEM = "apple-generic";
				VERSION_INFO_PREFIX = "";
			};
			name = Debug;
		};
		BEF6403B1EF36219008F0BB4 /* Release */ = {
			isa = XCBuildConfiguration;
			buildSettings = {
				CLANG_ANALYZER_NONNULL = YES;
				CLANG_ANALYZER_NUMBER_OBJECT_CONVERSION = YES_AGGRESSIVE;
				CLANG_ENABLE_MODULES = YES;
				CLANG_WARN_BOOL_CONVERSION = YES;
				CLANG_WARN_DIRECT_OBJC_ISA_USAGE = YES_ERROR;
				CLANG_WARN_DOCUMENTATION_COMMENTS = YES;
				CLANG_WARN_INFINITE_RECURSION = YES;
				CLANG_WARN_OBJC_ROOT_CLASS = YES_ERROR;
				CLANG_WARN_SUSPICIOUS_MOVE = YES;
				CLANG_WARN_UNREACHABLE_CODE = YES;
				CODE_SIGN_IDENTITY = "";
				"CODE_SIGN_IDENTITY[sdk=iphoneos*]" = "iPhone Developer";
				COPY_PHASE_STRIP = NO;
				CURRENT_PROJECT_VERSION = 1;
				DEBUG_INFORMATION_FORMAT = "dwarf-with-dsym";
				DEFINES_MODULE = YES;
				DEVELOPMENT_TEAM = L9V3PVP949;
				DYLIB_COMPATIBILITY_VERSION = 1;
				DYLIB_CURRENT_VERSION = 1;
				DYLIB_INSTALL_NAME_BASE = "@rpath";
				ENABLE_NS_ASSERTIONS = NO;
				ENABLE_STRICT_OBJC_MSGSEND = YES;
				GCC_NO_COMMON_BLOCKS = YES;
				GCC_WARN_64_TO_32_BIT_CONVERSION = YES;
				GCC_WARN_ABOUT_RETURN_TYPE = YES_ERROR;
				GCC_WARN_UNDECLARED_SELECTOR = YES;
				GCC_WARN_UNINITIALIZED_AUTOS = YES_AGGRESSIVE;
				GCC_WARN_UNUSED_FUNCTION = YES;
				INFOPLIST_FILE = Turnpike/Info.plist;
				INSTALL_PATH = "$(LOCAL_LIBRARY_DIR)/Frameworks";
				IPHONEOS_DEPLOYMENT_TARGET = 10.3;
				LD_RUNPATH_SEARCH_PATHS = "$(inherited) @executable_path/Frameworks @loader_path/Frameworks";
				MODULEMAP_FILE = Turnpike/Turnpike.modulemap;
				MTL_ENABLE_DEBUG_INFO = NO;
				PRODUCT_BUNDLE_IDENTIFIER = au.com.fairfaxdigital.Domain.Turnpike;
				PRODUCT_NAME = "$(TARGET_NAME)";
				SKIP_INSTALL = YES;
				TARGETED_DEVICE_FAMILY = "1,2";
				VERSIONING_SYSTEM = "apple-generic";
				VERSION_INFO_PREFIX = "";
			};
			name = Release;
		};
		BEF640731EF36971008F0BB4 /* Debug */ = {
			isa = XCBuildConfiguration;
			buildSettings = {
				CLANG_ANALYZER_NONNULL = YES;
				CLANG_ANALYZER_NUMBER_OBJECT_CONVERSION = YES_AGGRESSIVE;
				CLANG_ENABLE_MODULES = YES;
				CLANG_WARN_BOOL_CONVERSION = YES;
				CLANG_WARN_DIRECT_OBJC_ISA_USAGE = YES_ERROR;
				CLANG_WARN_DOCUMENTATION_COMMENTS = YES;
				CLANG_WARN_INFINITE_RECURSION = YES;
				CLANG_WARN_OBJC_ROOT_CLASS = YES_ERROR;
				CLANG_WARN_SUSPICIOUS_MOVE = YES;
				CLANG_WARN_UNREACHABLE_CODE = YES;
				"CODE_SIGN_IDENTITY[sdk=iphoneos*]" = "iPhone Developer";
				DEBUG_INFORMATION_FORMAT = dwarf;
				DEVELOPMENT_TEAM = L9V3PVP949;
				ENABLE_STRICT_OBJC_MSGSEND = YES;
				ENABLE_TESTABILITY = YES;
				GCC_NO_COMMON_BLOCKS = YES;
				GCC_WARN_64_TO_32_BIT_CONVERSION = YES;
				GCC_WARN_ABOUT_RETURN_TYPE = YES_ERROR;
				GCC_WARN_UNDECLARED_SELECTOR = YES;
				GCC_WARN_UNINITIALIZED_AUTOS = YES_AGGRESSIVE;
				GCC_WARN_UNUSED_FUNCTION = YES;
				INFOPLIST_FILE = TurnpikeTests/Info.plist;
				IPHONEOS_DEPLOYMENT_TARGET = 10.3;
				LD_RUNPATH_SEARCH_PATHS = "$(inherited) @executable_path/Frameworks @loader_path/Frameworks";
				MTL_ENABLE_DEBUG_INFO = YES;
				PRODUCT_BUNDLE_IDENTIFIER = au.com.fairfaxdigital.Domain.TurnpikeTests;
				PRODUCT_NAME = "$(TARGET_NAME)";
			};
			name = Debug;
		};
		BEF640741EF36971008F0BB4 /* Release */ = {
			isa = XCBuildConfiguration;
			buildSettings = {
				CLANG_ANALYZER_NONNULL = YES;
				CLANG_ANALYZER_NUMBER_OBJECT_CONVERSION = YES_AGGRESSIVE;
				CLANG_ENABLE_MODULES = YES;
				CLANG_WARN_BOOL_CONVERSION = YES;
				CLANG_WARN_DIRECT_OBJC_ISA_USAGE = YES_ERROR;
				CLANG_WARN_DOCUMENTATION_COMMENTS = YES;
				CLANG_WARN_INFINITE_RECURSION = YES;
				CLANG_WARN_OBJC_ROOT_CLASS = YES_ERROR;
				CLANG_WARN_SUSPICIOUS_MOVE = YES;
				CLANG_WARN_UNREACHABLE_CODE = YES;
				"CODE_SIGN_IDENTITY[sdk=iphoneos*]" = "iPhone Developer";
				COPY_PHASE_STRIP = NO;
				DEBUG_INFORMATION_FORMAT = "dwarf-with-dsym";
				DEVELOPMENT_TEAM = L9V3PVP949;
				ENABLE_NS_ASSERTIONS = NO;
				ENABLE_STRICT_OBJC_MSGSEND = YES;
				GCC_NO_COMMON_BLOCKS = YES;
				GCC_WARN_64_TO_32_BIT_CONVERSION = YES;
				GCC_WARN_ABOUT_RETURN_TYPE = YES_ERROR;
				GCC_WARN_UNDECLARED_SELECTOR = YES;
				GCC_WARN_UNINITIALIZED_AUTOS = YES_AGGRESSIVE;
				GCC_WARN_UNUSED_FUNCTION = YES;
				INFOPLIST_FILE = TurnpikeTests/Info.plist;
				IPHONEOS_DEPLOYMENT_TARGET = 10.3;
				LD_RUNPATH_SEARCH_PATHS = "$(inherited) @executable_path/Frameworks @loader_path/Frameworks";
				MTL_ENABLE_DEBUG_INFO = NO;
				PRODUCT_BUNDLE_IDENTIFIER = au.com.fairfaxdigital.Domain.TurnpikeTests;
				PRODUCT_NAME = "$(TARGET_NAME)";
			};
			name = Release;
		};
/* End XCBuildConfiguration section */

/* Begin XCConfigurationList section */
		ACFED17C1787304800AD1920 /* Build configuration list for PBXProject "Turnpike" */ = {
			isa = XCConfigurationList;
			buildConfigurations = (
				ACFED1A41787304800AD1920 /* Debug */,
				ACFED1A51787304800AD1920 /* Release */,
			);
			defaultConfigurationIsVisible = 0;
			defaultConfigurationName = Release;
		};
		BEF640391EF36219008F0BB4 /* Build configuration list for PBXNativeTarget "Turnpike" */ = {
			isa = XCConfigurationList;
			buildConfigurations = (
				BEF6403A1EF36219008F0BB4 /* Debug */,
				BEF6403B1EF36219008F0BB4 /* Release */,
			);
			defaultConfigurationIsVisible = 0;
			defaultConfigurationName = Release;
		};
		BEF640721EF36971008F0BB4 /* Build configuration list for PBXNativeTarget "TurnpikeTests" */ = {
			isa = XCConfigurationList;
			buildConfigurations = (
				BEF640731EF36971008F0BB4 /* Debug */,
				BEF640741EF36971008F0BB4 /* Release */,
			);
			defaultConfigurationIsVisible = 0;
			defaultConfigurationName = Release;
		};
/* End XCConfigurationList section */
	};
	rootObject = ACFED1791787304800AD1920 /* Project object */;
}
